
Microsoft Visual Studio Solution File, Format Version 12.00
# Visual Studio Version 16
VisualStudioVersion = 16.0.30907.101
MinimumVisualStudioVersion = 10.0.40219.1
Project("{FAE04EC0-301F-11D3-BF4B-00C04F79EFBC}") = "Crystal Report Demos", "Crystal Report Demos\Crystal Report Demos.csproj", "{9F683428-69BF-4688-A26B-6FFF0FFDD53B}"
EndProject
Global
	GlobalSection(SolutionConfigurationPlatforms) = preSolution
		Debug|Any CPU = Debug|Any CPU
		Release|Any CPU = Release|Any CPU
	EndGlobalSection
	GlobalSection(ProjectConfigurationPlatforms) = postSolution
		{9F683428-69BF-4688-A26B-6FFF0FFDD53B}.Debug|Any CPU.ActiveCfg = Debug|Any CPU
		{9F683428-69BF-4688-A26B-6FFF0FFDD53B}.Debug|Any CPU.Build.0 = Debug|Any CPU
		{9F683428-69BF-4688-A26B-6FFF0FFDD53B}.Release|Any CPU.ActiveCfg = Release|Any CPU
		{9F683428-69BF-4688-A26B-6FFF0FFDD53B}.Release|Any CPU.Build.0 = Release|Any CPU
	EndGlobalSection
	GlobalSection(SolutionProperties) = preSolution
		HideSolutionNode = FALSE
	EndGlobalSection
	GlobalSection(ExtensibilityGlobals) = postSolution
		SolutionGuid = {F6BD140D-4F9D-4EB7-9694-987906B4E835}
	EndGlobalSection
EndGlobal
